PODS:
  - camerax_ios (0.0.1):
    - Flutter
  - Flutter (1.0.0)
  - permission_handler_apple (9.3.0):
    - Flutter
  - ultralytics_yolo (0.0.4):
    - Flutter

DEPENDENCIES:
  - camerax_ios (from `.symlinks/plugins/camerax_ios/ios`)
  - Flutter (from `Flutter`)
  - permission_handler_apple (from `.symlinks/plugins/permission_handler_apple/ios`)
  - ultralytics_yolo (from `.symlinks/plugins/ultralytics_yolo/ios`)

EXTERNAL SOURCES:
  camerax_ios:
    :path: ".symlinks/plugins/camerax_ios/ios"
  Flutter:
    :path: Flutter
  permission_handler_apple:
    :path: ".symlinks/plugins/permission_handler_apple/ios"
  ultralytics_yolo:
    :path: ".symlinks/plugins/ultralytics_yolo/ios"

SPEC CHECKSUMS:
  camerax_ios: 90d4d6c3c1631aa3f29979e06968adcfb7b8c1d5
  Flutter: cabc95a1d2626b1b06e7179b784ebcf0c0cde467
  permission_handler_apple: 4ed2196e43d0651e8ff7ca3483a069d469701f2d
  ultralytics_yolo: 650ea1417a5b3ef9b1acc55e6edef5385018d3b5

PODFILE CHECKSUM: fca664c6f828ecfd178f9a0b136fc50e3a202421

COCOAPODS: 1.16.2
